{
  "name": "mern-stack",
  "version": "1.0.0",
  "lockfileVersion": 2,
  "requires": true,
  "packages": {
    "": {
      "name": "mern-stack",
      "version": "1.0.0",
      "license": "ISC",
      "dependencies": {
        "adil-calculater": "^1.0.0",
        "config": "^3.3.8",
        "font-awesome": "^4.7.0",
        "jquery": "^3.6.1",
        "lodash": "^4.17.21",
        "popper.js": "^1.16.1",
        "underscore": "^1.13.6"
      }
    },
    "node_modules/adil-calculater": {
      "version": "1.0.0",
      "resolved": "https://registry.npmjs.org/adil-calculater/-/adil-calculater-1.0.0.tgz",
      "integrity": "sha512-/VDK87HX3Dq9JrBC41lxfpIDG4kn17NAqMALjRc8UttzEA2QPp4zISYxsX/vXFyeGvIvanL402Nhio0qb6GP0w=="
    },
    "node_modules/config": {
      "version": "3.3.8",
      "resolved": "https://registry.npmjs.org/config/-/config-3.3.8.tgz",
      "integrity": "sha512-rFzF6VESOdp7wAXFlB9IOZI4ouL05g3A03v2eRcTHj2JBQaTNJ40zhAUl5wRbWHqLZ+uqp/7OE0BWWtAVgrong==",
      "dependencies": {
        "json5": "^2.2.1"
      },
      "engines": {
        "node": ">= 10.0.0"
      }
    },
    "node_modules/font-awesome": {
      "version": "4.7.0",
      "resolved": "https://registry.npmjs.org/font-awesome/-/font-awesome-4.7.0.tgz",
      "integrity": "sha512-U6kGnykA/6bFmg1M/oT9EkFeIYv7JlX3bozwQJWiiLz6L0w3F5vBVPxHlwyX/vtNq1ckcpRKOB9f2Qal/VtFpg==",
      "engines": {
        "node": ">=0.10.3"
      }
    },
    "node_modules/jquery": {
      "version": "3.6.1",
      "resolved": "https://registry.npmjs.org/jquery/-/jquery-3.6.1.tgz",
      "integrity": "sha512-opJeO4nCucVnsjiXOE+/PcCgYw9Gwpvs/a6B1LL/lQhwWwpbVEVYDZ1FokFr8PRc7ghYlrFPuyHuiiDNTQxmcw=="
    },
    "node_modules/json5": {
      "version": "2.2.2",
      "resolved": "https://registry.npmjs.org/json5/-/json5-2.2.2.tgz",
      "integrity": "sha512-46Tk9JiOL2z7ytNQWFLpj99RZkVgeHf87yGQKsIkaPz1qSH9UczKH1rO7K3wgRselo0tYMUNfecYpm/p1vC7tQ==",
      "bin": {
        "json5": "lib/cli.js"
      },
      "engines": {
        "node": ">=6"
      }
    },
    "node_modules/lodash": {
      "version": "4.17.21",
      "resolved": "https://registry.npmjs.org/lodash/-/lodash-4.17.21.tgz",
      "integrity": "sha512-v2kDEe57lecTulaDIuNTPy3Ry4gLGJ6Z1O3vE1krgXZNrsQ+LFTGHVxVjcXPs17LhbZVGedAJv8XZ1tvj5FvSg=="
    },
    "node_modules/popper.js": {
      "version": "1.16.1",
      "resolved": "https://registry.npmjs.org/popper.js/-/popper.js-1.16.1.tgz",
      "integrity": "sha512-Wb4p1J4zyFTbM+u6WuO4XstYx4Ky9Cewe4DWrel7B0w6VVICvPwdOpotjzcf6eD8TsckVnIMNONQyPIUFOUbCQ==",
      "deprecated": "You can find the new Popper v2 at @popperjs/core, this package is dedicated to the legacy v1",
      "funding": {
        "type": "opencollective",
        "url": "https://opencollective.com/popperjs"
      }
    },
    "node_modules/underscore": {
      "version": "1.13.6",
      "resolved": "https://registry.npmjs.org/underscore/-/underscore-1.13.6.tgz",
      "integrity": "sha512-+A5Sja4HP1M08MaXya7p5LvjuM7K6q/2EaC0+iovj/wOcMsTzMvDFbasi/oSapiwOlt252IqsKqPjCl7huKS0A=="
    }
  },
  "dependencies": {
    "adil-calculater": {
      "version": "1.0.0",
      "resolved": "https://registry.npmjs.org/adil-calculater/-/adil-calculater-1.0.0.tgz",
      "integrity": "sha512-/VDK87HX3Dq9JrBC41lxfpIDG4kn17NAqMALjRc8UttzEA2QPp4zISYxsX/vXFyeGvIvanL402Nhio0qb6GP0w=="
    },
    "config": {
      "version": "3.3.8",
      "resolved": "https://registry.npmjs.org/config/-/config-3.3.8.tgz",
      "integrity": "sha512-rFzF6VESOdp7wAXFlB9IOZI4ouL05g3A03v2eRcTHj2JBQaTNJ40zhAUl5wRbWHqLZ+uqp/7OE0BWWtAVgrong==",
      "requires": {
        "json5": "^2.2.1"
      }
    },
    "font-awesome": {
      "version": "4.7.0",
      "resolved": "https://registry.npmjs.org/font-awesome/-/font-awesome-4.7.0.tgz",
      "integrity": "sha512-U6kGnykA/6bFmg1M/oT9EkFeIYv7JlX3bozwQJWiiLz6L0w3F5vBVPxHlwyX/vtNq1ckcpRKOB9f2Qal/VtFpg=="
    },
    "jquery": {
      "version": "3.6.1",
      "resolved": "https://registry.npmjs.org/jquery/-/jquery-3.6.1.tgz",
      "integrity": "sha512-opJeO4nCucVnsjiXOE+/PcCgYw9Gwpvs/a6B1LL/lQhwWwpbVEVYDZ1FokFr8PRc7ghYlrFPuyHuiiDNTQxmcw=="
    },
    "json5": {
      "version": "2.2.2",
      "resolved": "https://registry.npmjs.org/json5/-/json5-2.2.2.tgz",
      "integrity": "sha512-46Tk9JiOL2z7ytNQWFLpj99RZkVgeHf87yGQKsIkaPz1qSH9UczKH1rO7K3wgRselo0tYMUNfecYpm/p1vC7tQ=="
    },
    "lodash": {
      "version": "4.17.21",
      "resolved": "https://registry.npmjs.org/lodash/-/lodash-4.17.21.tgz",
      "integrity": "sha512-v2kDEe57lecTulaDIuNTPy3Ry4gLGJ6Z1O3vE1krgXZNrsQ+LFTGHVxVjcXPs17LhbZVGedAJv8XZ1tvj5FvSg=="
    },
    "popper.js": {
      "version": "1.16.1",
      "resolved": "https://registry.npmjs.org/popper.js/-/popper.js-1.16.1.tgz",
      "integrity": "sha512-Wb4p1J4zyFTbM+u6WuO4XstYx4Ky9Cewe4DWrel7B0w6VVICvPwdOpotjzcf6eD8TsckVnIMNONQyPIUFOUbCQ=="
    },
    "underscore": {
      "version": "1.13.6",
      "resolved": "https://registry.npmjs.org/underscore/-/underscore-1.13.6.tgz",
      "integrity": "sha512-+A5Sja4HP1M08MaXya7p5LvjuM7K6q/2EaC0+iovj/wOcMsTzMvDFbasi/oSapiwOlt252IqsKqPjCl7huKS0A=="
    }
  }
}
